{
    "visionfive-2-headless-debian/init_screen_output.png": {
        "identifier": "visionfive-2-headless-debian/init_screen_output.png",
        "hash": "90c37d0bd9b1a06d07f5deb784ea4598763e9470e825e14d55cc26f42ea5cf38",
        "size": 403850,
        "mime": "image/png",
        "payload": [
            "7SVyaqEdmzh9dKrzcrn78o4bbxqv6S8rzA6RwTGodWEmDRrFxe3gWXhJPH4A11Srh55kWi_x.webp",
            "7SVyaqEdmzh9dKrzcrn78o4bbxqv6S8rzA6RwTGodWEmDRrFxe3gWXhJPH4A11Srh55kWi_m.webp",
            "7SVyaqEdmzh9dKrzcrn78o4bbxqv6S8rzA6RwTGodWEmDRrFxe3gWXhJPH4A11Srh55kWi_s.webp",
            "7SVyaqEdmzh9dKrzcrn78o4bbxqv6S8rzA6RwTGodWEmDRrFxe3gWXhJPH4A11Srh55kWi_b.webp",
            "visionfive-2-headless-debian/init_screen_output.png"
        ]
    }
}